
Microsoft Visual Studio Solution File, Format Version 10.00
# Visual Studio 2008
Project("{FAE04EC0-301F-11D3-BF4B-00C04F79EFBC}") = "CodeCampSchedule", "src\CodeCampSchedule\CodeCampSchedule.csproj", "{5D0F31DB-6A1C-4A16-8A1F-AE0627C467ED}"
EndProject
Global
	GlobalSection(SolutionConfigurationPlatforms) = preSolution
		Debug|iPhoneSimulator = Debug|iPhoneSimulator
		Release|iPhoneSimulator = Release|iPhoneSimulator
		Debug|iPhone = Debug|iPhone
		Release|iPhone = Release|iPhone
	EndGlobalSection
	GlobalSection(ProjectConfigurationPlatforms) = postSolution
		{5D0F31DB-6A1C-4A16-8A1F-AE0627C467ED}.Debug|iPhone.ActiveCfg = Debug|iPhone
		{5D0F31DB-6A1C-4A16-8A1F-AE0627C467ED}.Debug|iPhone.Build.0 = Debug|iPhone
		{5D0F31DB-6A1C-4A16-8A1F-AE0627C467ED}.Debug|iPhoneSimulator.ActiveCfg = Debug|iPhoneSimulator
		{5D0F31DB-6A1C-4A16-8A1F-AE0627C467ED}.Debug|iPhoneSimulator.Build.0 = Debug|iPhoneSimulator
		{5D0F31DB-6A1C-4A16-8A1F-AE0627C467ED}.Release|iPhone.ActiveCfg = Release|iPhone
		{5D0F31DB-6A1C-4A16-8A1F-AE0627C467ED}.Release|iPhone.Build.0 = Release|iPhone
		{5D0F31DB-6A1C-4A16-8A1F-AE0627C467ED}.Release|iPhoneSimulator.ActiveCfg = Release|iPhoneSimulator
		{5D0F31DB-6A1C-4A16-8A1F-AE0627C467ED}.Release|iPhoneSimulator.Build.0 = Release|iPhoneSimulator
	EndGlobalSection
	GlobalSection(MonoDevelopProperties) = preSolution
		StartupItem = src\CodeCampSchedule\CodeCampSchedule.csproj
	EndGlobalSection
EndGlobal
